
Microsoft Visual Studio Solution File, Format Version 12.00
# Visual Studio Version 17
VisualStudioVersion = 17.0.31912.275
MinimumVisualStudioVersion = 10.0.40219.1
Project("{9A19103F-16F7-4668-BE54-9A1E7A4F7556}") = "RestClient", "RestClient.csproj", "{594FC5CB-9F77-4CC4-897C-87C037EA15E8}"
EndProject
Global
	GlobalSection(SolutionConfigurationPlatforms) = preSolution
		Debug|Any CPU = Debug|Any CPU
		Release|Any CPU = Release|Any CPU
	EndGlobalSection
	GlobalSection(ProjectConfigurationPlatforms) = postSolution
		{594FC5CB-9F77-4CC4-897C-87C037EA15E8}.Debug|Any CPU.ActiveCfg = Debug|Any CPU
		{594FC5CB-9F77-4CC4-897C-87C037EA15E8}.Debug|Any CPU.Build.0 = Debug|Any CPU
		{594FC5CB-9F77-4CC4-897C-87C037EA15E8}.Release|Any CPU.ActiveCfg = Release|Any CPU
		{594FC5CB-9F77-4CC4-897C-87C037EA15E8}.Release|Any CPU.Build.0 = Release|Any CPU
	EndGlobalSection
	GlobalSection(SolutionProperties) = preSolution
		HideSolutionNode = FALSE
	EndGlobalSection
	GlobalSection(ExtensibilityGlobals) = postSolution
		SolutionGuid = {649EE7C2-A3C8-4CE5-BCAD-02552BA0B452}
	EndGlobalSection
EndGlobal
